
Microsoft Visual Studio Solution File, Format Version 12.00
# Visual Studio 15
VisualStudioVersion = 15.0.28010.2026
MinimumVisualStudioVersion = 10.0.40219.1
Project("{FAE04EC0-301F-11D3-BF4B-00C04F79EFBC}") = "Entidades2", "Entidades2\Entidades2.csproj", "{FFB6E643-F77B-42D6-AEDE-C3A1C6AF4EFA}"
EndProject
Global
	GlobalSection(SolutionConfigurationPlatforms) = preSolution
		Debug|Any CPU = Debug|Any CPU
		Release|Any CPU = Release|Any CPU
	EndGlobalSection
	GlobalSection(ProjectConfigurationPlatforms) = postSolution
		{FFB6E643-F77B-42D6-AEDE-C3A1C6AF4EFA}.Debug|Any CPU.ActiveCfg = Debug|Any CPU
		{FFB6E643-F77B-42D6-AEDE-C3A1C6AF4EFA}.Debug|Any CPU.Build.0 = Debug|Any CPU
		{FFB6E643-F77B-42D6-AEDE-C3A1C6AF4EFA}.Release|Any CPU.ActiveCfg = Release|Any CPU
		{FFB6E643-F77B-42D6-AEDE-C3A1C6AF4EFA}.Release|Any CPU.Build.0 = Release|Any CPU
	EndGlobalSection
	GlobalSection(SolutionProperties) = preSolution
		HideSolutionNode = FALSE
	EndGlobalSection
	GlobalSection(ExtensibilityGlobals) = postSolution
		SolutionGuid = {61B92A54-0B8D-42A6-AEB3-33AA5180433D}
	EndGlobalSection
EndGlobal
